{
  "name": "charactersheet",
  "version": "1.0.0",
  "lockfileVersion": 1,
  "requires": true,
  "dependencies": {
    "ejs": {
      "version": "2.6.1",
      "resolved": "https://registry.npmjs.org/ejs/-/ejs-2.6.1.tgz",
      "integrity": "sha512-0xy4A/twfrRCnkhfk8ErDi5DqdAsAqeGxht4xkCUrsvhhbQNs7E+4jV0CN7+NKIY0aHE72+XvqtBIXzD31ZbXQ=="
    },
    "nanoid": {
      "version": "1.0.7",
      "resolved": "https://registry.npmjs.org/nanoid/-/nanoid-1.0.7.tgz",
      "integrity": "sha512-DCTnU68QAckm8vgPbFhM1XcK3/zX8LWL4/kEXzPH5w2qy2ibBWHig+685aF8ff8rd5lUXkhVB3W60pb4mbRcDA=="
    },
    "shortid": {
      "version": "2.2.11",
      "resolved": "https://registry.npmjs.org/shortid/-/shortid-2.2.11.tgz",
      "integrity": "sha512-uK/fkCpqyznl+ZIsFP1p0O91lXVczSwUyTQTSAJ06lU91HX+JR5gb1w3ZBUOJ5cB7d7llLxG5baSIrLQ6S3hdg==",
      "requires": {
        "nanoid": "^1.0.7"
      }
    }
  }
}
